
Microsoft Visual Studio Solution File, Format Version 12.00
# Visual Studio 15
VisualStudioVersion = 15.0.27004.2009
MinimumVisualStudioVersion = 10.0.40219.1
Project("{FAE04EC0-301F-11D3-BF4B-00C04F79EFBC}") = "Main", "Main\Main.csproj", "{40F9F5DA-75F0-431F-BD1C-0AA117ED942F}"
EndProject
Global
	GlobalSection(SolutionConfigurationPlatforms) = preSolution
		Debug|Any CPU = Debug|Any CPU
		Release|Any CPU = Release|Any CPU
	EndGlobalSection
	GlobalSection(ProjectConfigurationPlatforms) = postSolution
		{40F9F5DA-75F0-431F-BD1C-0AA117ED942F}.Debug|Any CPU.ActiveCfg = Debug|Any CPU
		{40F9F5DA-75F0-431F-BD1C-0AA117ED942F}.Debug|Any CPU.Build.0 = Debug|Any CPU
		{40F9F5DA-75F0-431F-BD1C-0AA117ED942F}.Release|Any CPU.ActiveCfg = Release|Any CPU
		{40F9F5DA-75F0-431F-BD1C-0AA117ED942F}.Release|Any CPU.Build.0 = Release|Any CPU
	EndGlobalSection
	GlobalSection(SolutionProperties) = preSolution
		HideSolutionNode = FALSE
	EndGlobalSection
	GlobalSection(ExtensibilityGlobals) = postSolution
		SolutionGuid = {69CB0820-7DE1-4728-91F8-8E6A55BCFFDF}
	EndGlobalSection
EndGlobal
